
Microsoft Visual Studio Solution File, Format Version 12.00
# Visual Studio Version 17
VisualStudioVersion = 17.1.32319.34
MinimumVisualStudioVersion = 10.0.40219.1
Project("{9A19103F-16F7-4668-BE54-9A1E7A4F7556}") = "DegiskenTanimlama", "DegiskenTanimlama\DegiskenTanimlama.csproj", "{E90D4A12-E710-4C67-8126-8BF5F146B168}"
EndProject
Project("{2150E333-8FDC-42A3-9474-1A3956D46DE8}") = "01.Gün", "01.Gün", "{215AA2C1-9DA3-4E75-A844-6C5DF589D627}"
EndProject
Project("{9A19103F-16F7-4668-BE54-9A1E7A4F7556}") = "HataAyiklama", "HataAyiklama\HataAyiklama.csproj", "{63B4A88B-CE05-47BA-81BE-61CD22689E38}"
EndProject
Project("{2150E333-8FDC-42A3-9474-1A3956D46DE8}") = "02.Gün", "02.Gün", "{D84752C0-4E04-49B9-BD35-51928997BAEF}"
EndProject
Project("{9A19103F-16F7-4668-BE54-9A1E7A4F7556}") = "RandevuSaatÖdev", "RandevuSaatÖdev\RandevuSaatÖdev.csproj", "{CED719A5-3953-4FE8-A06D-828B3BD9C3F2}"
EndProject
Project("{9A19103F-16F7-4668-BE54-9A1E7A4F7556}") = "DizilerVeKoleksiyonlar", "DizilerVeKoleksiyonlar\DizilerVeKoleksiyonlar.csproj", "{909A12F9-33BB-4FB4-BCA6-1F038ADC67A5}"
EndProject
Project("{2150E333-8FDC-42A3-9474-1A3956D46DE8}") = "03.Gün", "03.Gün", "{95F51E03-93AD-4DD4-844C-A0BBAD1A9063}"
EndProject
Project("{9A19103F-16F7-4668-BE54-9A1E7A4F7556}") = "Odevler", "Odevler\Odevler.csproj", "{3AE6BDE9-990A-43BD-A510-2940316C2B49}"
EndProject
Project("{9A19103F-16F7-4668-BE54-9A1E7A4F7556}") = "CokBoyutluDiziler", "CokBoyutluDiziler\CokBoyutluDiziler.csproj", "{D8B8688D-9F42-4121-8DCE-3F727421D95A}"
EndProject
Project("{9A19103F-16F7-4668-BE54-9A1E7A4F7556}") = "MethodKullanimi", "MethodKullanimi\MethodKullanimi.csproj", "{C2565662-7EBD-4C44-B09D-5CEDFF4E5020}"
EndProject
Project("{2150E333-8FDC-42A3-9474-1A3956D46DE8}") = "04.Gün", "04.Gün", "{64335939-90E0-4E06-9EAF-78491828DA08}"
EndProject
Project("{9A19103F-16F7-4668-BE54-9A1E7A4F7556}") = "CinAliCizimi", "CinAliCizimi\CinAliCizimi.csproj", "{43DB5C3E-FCE5-4C57-8073-6203849C0FBF}"
EndProject
Project("{9A19103F-16F7-4668-BE54-9A1E7A4F7556}") = "AdamAsmaca", "AdamAsmaca\AdamAsmaca.csproj", "{78EFFD17-287A-4406-9D02-013E47B36988}"
EndProject
Project("{9A19103F-16F7-4668-BE54-9A1E7A4F7556}") = "OopGiris", "OopGiris\OopGiris.csproj", "{C9342DB7-4E1C-42A3-BC57-D5F9DAB3890C}"
EndProject
Project("{2150E333-8FDC-42A3-9474-1A3956D46DE8}") = "05.Gün", "05.Gün", "{43648829-82C8-40F7-8C30-8AD87F18F352}"
EndProject
Project("{2150E333-8FDC-42A3-9474-1A3956D46DE8}") = "06-07.Gün", "06-07.Gün", "{4B590160-C29F-4A3E-9440-F8A350BBA6C8}"
EndProject
Project("{9A19103F-16F7-4668-BE54-9A1E7A4F7556}") = "WfaGiris", "WfaGiris\WfaGiris.csproj", "{51D846F9-02D5-4BB4-AFEE-35B5A063D009}"
EndProject
Project("{9A19103F-16F7-4668-BE54-9A1E7A4F7556}") = "ZarTahminWindowsForm", "ZarTahminWindowsForm\ZarTahminWindowsForm.csproj", "{8CDE42C4-8151-47C0-9CCE-5DFBBC533F6B}"
EndProject
Project("{9A19103F-16F7-4668-BE54-9A1E7A4F7556}") = "SayiOkuyucuFormApp", "SayiOkuyucuFormApp\SayiOkuyucuFormApp.csproj", "{0926621B-4419-436E-A996-96CAA4D401D9}"
EndProject
Project("{2150E333-8FDC-42A3-9474-1A3956D46DE8}") = "08.Gün", "08.Gün", "{B58CA393-737B-40C7-A832-9E7EC4DB72DE}"
EndProject
Project("{9A19103F-16F7-4668-BE54-9A1E7A4F7556}") = "KronometreForm", "KronometreForm\KronometreForm.csproj", "{D0C63E69-8857-4FAD-B3A5-B6CB1436E02A}"
EndProject
Project("{9A19103F-16F7-4668-BE54-9A1E7A4F7556}") = "HesapMakinesiForm", "HesapMakinesiForm\HesapMakinesiForm.csproj", "{BFF0DE2D-56D7-4265-9D06-FE6692E446E6}"
EndProject
Project("{9A19103F-16F7-4668-BE54-9A1E7A4F7556}") = "RandevuSistemiForm", "RandevuSistemiForm\RandevuSistemiForm.csproj", "{DAD00D32-5450-413C-820D-6FE7D9F9EF3B}"
EndProject
Project("{2150E333-8FDC-42A3-9474-1A3956D46DE8}") = "09.Gün", "09.Gün", "{418C704F-6489-4069-81A3-BEBF9B911CFC}"
EndProject
Project("{9A19103F-16F7-4668-BE54-9A1E7A4F7556}") = "Kalitim", "Kalitim\Kalitim.csproj", "{248E8930-F12F-4390-96A1-112394A16F37}"
EndProject
Project("{9A19103F-16F7-4668-BE54-9A1E7A4F7556}") = "KalitimLib", "KalitimLib\KalitimLib.csproj", "{B46A936F-D428-4A46-BA91-434891ED7156}"
EndProject
Project("{9A19103F-16F7-4668-BE54-9A1E7A4F7556}") = "Kalitim.Console", "Kalitim.Console\Kalitim.Console.csproj", "{FAFF009E-5975-4277-AC0C-01B7B3E1CE30}"
EndProject
Project("{2150E333-8FDC-42A3-9474-1A3956D46DE8}") = "10.Gün", "10.Gün", "{CA9E5A6C-4121-4679-9F76-E363E868452D}"
EndProject
Project("{9A19103F-16F7-4668-BE54-9A1E7A4F7556}") = "Kitapci", "Kitapci\Kitapci.csproj", "{5F660D7C-552E-4EDD-AA72-09424F4529F1}"
EndProject
Project("{9A19103F-16F7-4668-BE54-9A1E7A4F7556}") = "Kitapci.Lib", "Kitapci.Lib\Kitapci.Lib.csproj", "{1B76095A-FE47-4432-8881-16C959C4C905}"
EndProject
Project("{9A19103F-16F7-4668-BE54-9A1E7A4F7556}") = "RentACar", "RentACar\RentACar.csproj", "{CB7D84EA-096B-4AE1-84C4-31177CC47C68}"
EndProject
Project("{9A19103F-16F7-4668-BE54-9A1E7A4F7556}") = "Car.Lib", "Car.Lib\Car.Lib.csproj", "{1BF88FBF-870B-4DC1-A458-4E2939D5C423}"
EndProject
Project("{2150E333-8FDC-42A3-9474-1A3956D46DE8}") = "11.Gün", "11.Gün", "{DA562929-A69B-44E1-B2A6-5B3F4E502BAE}"
EndProject
Project("{9A19103F-16F7-4668-BE54-9A1E7A4F7556}") = "StatikNesneler", "StatikNesneler\StatikNesneler.csproj", "{4064A3F3-5A5A-467A-A0E1-A67CD303CD20}"
EndProject
Project("{9A19103F-16F7-4668-BE54-9A1E7A4F7556}") = "BinarySerialization", "BinarySerialization\BinarySerialization.csproj", "{698A41A2-215E-4DB1-9627-6F4D870B18CE}"
EndProject
Project("{2150E333-8FDC-42A3-9474-1A3956D46DE8}") = "12.Gün", "12.Gün", "{0ABA8D3B-6B42-450D-8610-E844FB3E9A5C}"
EndProject
Project("{9A19103F-16F7-4668-BE54-9A1E7A4F7556}") = "AracTakip", "AracTakip\AracTakip.csproj", "{F74E688B-4F23-478E-8389-D8081E2FC242}"
EndProject
Project("{9A19103F-16F7-4668-BE54-9A1E7A4F7556}") = "AracTakipNew", "AracTakipNew\AracTakipNew.csproj", "{E919C0CC-7483-41DA-ABAF-61A1E00EC4B0}"
EndProject
Project("{2150E333-8FDC-42A3-9474-1A3956D46DE8}") = "13.Gün", "13.Gün", "{CAED7092-D2A2-43E4-90DC-FC6754D953E0}"
EndProject
Project("{FAE04EC0-301F-11D3-BF4B-00C04F79EFBC}") = "HttpRequestJson", "HttpRequestJson\HttpRequestJson.csproj", "{4E26D650-A0B9-41AC-B7DE-6B79B3754F3B}"
EndProject
Project("{2150E333-8FDC-42A3-9474-1A3956D46DE8}") = "14.Gün", "14.Gün", "{4C33F49A-3BCB-4E43-B1CF-43838C95C342}"
EndProject
Global
	GlobalSection(SolutionConfigurationPlatforms) = preSolution
		Debug|Any CPU = Debug|Any CPU
		Release|Any CPU = Release|Any CPU
	EndGlobalSection
	GlobalSection(ProjectConfigurationPlatforms) = postSolution
		{E90D4A12-E710-4C67-8126-8BF5F146B168}.Debug|Any CPU.ActiveCfg = Debug|Any CPU
		{E90D4A12-E710-4C67-8126-8BF5F146B168}.Debug|Any CPU.Build.0 = Debug|Any CPU
		{E90D4A12-E710-4C67-8126-8BF5F146B168}.Release|Any CPU.ActiveCfg = Release|Any CPU
		{E90D4A12-E710-4C67-8126-8BF5F146B168}.Release|Any CPU.Build.0 = Release|Any CPU
		{63B4A88B-CE05-47BA-81BE-61CD22689E38}.Debug|Any CPU.ActiveCfg = Debug|Any CPU
		{63B4A88B-CE05-47BA-81BE-61CD22689E38}.Debug|Any CPU.Build.0 = Debug|Any CPU
		{63B4A88B-CE05-47BA-81BE-61CD22689E38}.Release|Any CPU.ActiveCfg = Release|Any CPU
		{63B4A88B-CE05-47BA-81BE-61CD22689E38}.Release|Any CPU.Build.0 = Release|Any CPU
		{CED719A5-3953-4FE8-A06D-828B3BD9C3F2}.Debug|Any CPU.ActiveCfg = Debug|Any CPU
		{CED719A5-3953-4FE8-A06D-828B3BD9C3F2}.Debug|Any CPU.Build.0 = Debug|Any CPU
		{CED719A5-3953-4FE8-A06D-828B3BD9C3F2}.Release|Any CPU.ActiveCfg = Release|Any CPU
		{CED719A5-3953-4FE8-A06D-828B3BD9C3F2}.Release|Any CPU.Build.0 = Release|Any CPU
		{909A12F9-33BB-4FB4-BCA6-1F038ADC67A5}.Debug|Any CPU.ActiveCfg = Debug|Any CPU
		{909A12F9-33BB-4FB4-BCA6-1F038ADC67A5}.Debug|Any CPU.Build.0 = Debug|Any CPU
		{909A12F9-33BB-4FB4-BCA6-1F038ADC67A5}.Release|Any CPU.ActiveCfg = Release|Any CPU
		{909A12F9-33BB-4FB4-BCA6-1F038ADC67A5}.Release|Any CPU.Build.0 = Release|Any CPU
		{3AE6BDE9-990A-43BD-A510-2940316C2B49}.Debug|Any CPU.ActiveCfg = Debug|Any CPU
		{3AE6BDE9-990A-43BD-A510-2940316C2B49}.Debug|Any CPU.Build.0 = Debug|Any CPU
		{3AE6BDE9-990A-43BD-A510-2940316C2B49}.Release|Any CPU.ActiveCfg = Release|Any CPU
		{3AE6BDE9-990A-43BD-A510-2940316C2B49}.Release|Any CPU.Build.0 = Release|Any CPU
		{D8B8688D-9F42-4121-8DCE-3F727421D95A}.Debug|Any CPU.ActiveCfg = Debug|Any CPU
		{D8B8688D-9F42-4121-8DCE-3F727421D95A}.Debug|Any CPU.Build.0 = Debug|Any CPU
		{D8B8688D-9F42-4121-8DCE-3F727421D95A}.Release|Any CPU.ActiveCfg = Release|Any CPU
		{D8B8688D-9F42-4121-8DCE-3F727421D95A}.Release|Any CPU.Build.0 = Release|Any CPU
		{C2565662-7EBD-4C44-B09D-5CEDFF4E5020}.Debug|Any CPU.ActiveCfg = Debug|Any CPU
		{C2565662-7EBD-4C44-B09D-5CEDFF4E5020}.Debug|Any CPU.Build.0 = Debug|Any CPU
		{C2565662-7EBD-4C44-B09D-5CEDFF4E5020}.Release|Any CPU.ActiveCfg = Release|Any CPU
		{C2565662-7EBD-4C44-B09D-5CEDFF4E5020}.Release|Any CPU.Build.0 = Release|Any CPU
		{43DB5C3E-FCE5-4C57-8073-6203849C0FBF}.Debug|Any CPU.ActiveCfg = Debug|Any CPU
		{43DB5C3E-FCE5-4C57-8073-6203849C0FBF}.Debug|Any CPU.Build.0 = Debug|Any CPU
		{43DB5C3E-FCE5-4C57-8073-6203849C0FBF}.Release|Any CPU.ActiveCfg = Release|Any CPU
		{43DB5C3E-FCE5-4C57-8073-6203849C0FBF}.Release|Any CPU.Build.0 = Release|Any CPU
		{78EFFD17-287A-4406-9D02-013E47B36988}.Debug|Any CPU.ActiveCfg = Debug|Any CPU
		{78EFFD17-287A-4406-9D02-013E47B36988}.Debug|Any CPU.Build.0 = Debug|Any CPU
		{78EFFD17-287A-4406-9D02-013E47B36988}.Release|Any CPU.ActiveCfg = Release|Any CPU
		{78EFFD17-287A-4406-9D02-013E47B36988}.Release|Any CPU.Build.0 = Release|Any CPU
		{C9342DB7-4E1C-42A3-BC57-D5F9DAB3890C}.Debug|Any CPU.ActiveCfg = Debug|Any CPU
		{C9342DB7-4E1C-42A3-BC57-D5F9DAB3890C}.Debug|Any CPU.Build.0 = Debug|Any CPU
		{C9342DB7-4E1C-42A3-BC57-D5F9DAB3890C}.Release|Any CPU.ActiveCfg = Release|Any CPU
		{C9342DB7-4E1C-42A3-BC57-D5F9DAB3890C}.Release|Any CPU.Build.0 = Release|Any CPU
		{51D846F9-02D5-4BB4-AFEE-35B5A063D009}.Debug|Any CPU.ActiveCfg = Debug|Any CPU
		{51D846F9-02D5-4BB4-AFEE-35B5A063D009}.Debug|Any CPU.Build.0 = Debug|Any CPU
		{51D846F9-02D5-4BB4-AFEE-35B5A063D009}.Release|Any CPU.ActiveCfg = Release|Any CPU
		{51D846F9-02D5-4BB4-AFEE-35B5A063D009}.Release|Any CPU.Build.0 = Release|Any CPU
		{8CDE42C4-8151-47C0-9CCE-5DFBBC533F6B}.Debug|Any CPU.ActiveCfg = Debug|Any CPU
		{8CDE42C4-8151-47C0-9CCE-5DFBBC533F6B}.Debug|Any CPU.Build.0 = Debug|Any CPU
		{8CDE42C4-8151-47C0-9CCE-5DFBBC533F6B}.Release|Any CPU.ActiveCfg = Release|Any CPU
		{8CDE42C4-8151-47C0-9CCE-5DFBBC533F6B}.Release|Any CPU.Build.0 = Release|Any CPU
		{0926621B-4419-436E-A996-96CAA4D401D9}.Debug|Any CPU.ActiveCfg = Debug|Any CPU
		{0926621B-4419-436E-A996-96CAA4D401D9}.Debug|Any CPU.Build.0 = Debug|Any CPU
		{0926621B-4419-436E-A996-96CAA4D401D9}.Release|Any CPU.ActiveCfg = Release|Any CPU
		{0926621B-4419-436E-A996-96CAA4D401D9}.Release|Any CPU.Build.0 = Release|Any CPU
		{D0C63E69-8857-4FAD-B3A5-B6CB1436E02A}.Debug|Any CPU.ActiveCfg = Debug|Any CPU
		{D0C63E69-8857-4FAD-B3A5-B6CB1436E02A}.Debug|Any CPU.Build.0 = Debug|Any CPU
		{D0C63E69-8857-4FAD-B3A5-B6CB1436E02A}.Release|Any CPU.ActiveCfg = Release|Any CPU
		{D0C63E69-8857-4FAD-B3A5-B6CB1436E02A}.Release|Any CPU.Build.0 = Release|Any CPU
		{BFF0DE2D-56D7-4265-9D06-FE6692E446E6}.Debug|Any CPU.ActiveCfg = Debug|Any CPU
		{BFF0DE2D-56D7-4265-9D06-FE6692E446E6}.Debug|Any CPU.Build.0 = Debug|Any CPU
		{BFF0DE2D-56D7-4265-9D06-FE6692E446E6}.Release|Any CPU.ActiveCfg = Release|Any CPU
		{BFF0DE2D-56D7-4265-9D06-FE6692E446E6}.Release|Any CPU.Build.0 = Release|Any CPU
		{DAD00D32-5450-413C-820D-6FE7D9F9EF3B}.Debug|Any CPU.ActiveCfg = Debug|Any CPU
		{DAD00D32-5450-413C-820D-6FE7D9F9EF3B}.Debug|Any CPU.Build.0 = Debug|Any CPU
		{DAD00D32-5450-413C-820D-6FE7D9F9EF3B}.Release|Any CPU.ActiveCfg = Release|Any CPU
		{DAD00D32-5450-413C-820D-6FE7D9F9EF3B}.Release|Any CPU.Build.0 = Release|Any CPU
		{248E8930-F12F-4390-96A1-112394A16F37}.Debug|Any CPU.ActiveCfg = Debug|Any CPU
		{248E8930-F12F-4390-96A1-112394A16F37}.Debug|Any CPU.Build.0 = Debug|Any CPU
		{248E8930-F12F-4390-96A1-112394A16F37}.Release|Any CPU.ActiveCfg = Release|Any CPU
		{248E8930-F12F-4390-96A1-112394A16F37}.Release|Any CPU.Build.0 = Release|Any CPU
		{B46A936F-D428-4A46-BA91-434891ED7156}.Debug|Any CPU.ActiveCfg = Debug|Any CPU
		{B46A936F-D428-4A46-BA91-434891ED7156}.Debug|Any CPU.Build.0 = Debug|Any CPU
		{B46A936F-D428-4A46-BA91-434891ED7156}.Release|Any CPU.ActiveCfg = Release|Any CPU
		{B46A936F-D428-4A46-BA91-434891ED7156}.Release|Any CPU.Build.0 = Release|Any CPU
		{FAFF009E-5975-4277-AC0C-01B7B3E1CE30}.Debug|Any CPU.ActiveCfg = Debug|Any CPU
		{FAFF009E-5975-4277-AC0C-01B7B3E1CE30}.Debug|Any CPU.Build.0 = Debug|Any CPU
		{FAFF009E-5975-4277-AC0C-01B7B3E1CE30}.Release|Any CPU.ActiveCfg = Release|Any CPU
		{FAFF009E-5975-4277-AC0C-01B7B3E1CE30}.Release|Any CPU.Build.0 = Release|Any CPU
		{5F660D7C-552E-4EDD-AA72-09424F4529F1}.Debug|Any CPU.ActiveCfg = Debug|Any CPU
		{5F660D7C-552E-4EDD-AA72-09424F4529F1}.Debug|Any CPU.Build.0 = Debug|Any CPU
		{5F660D7C-552E-4EDD-AA72-09424F4529F1}.Release|Any CPU.ActiveCfg = Release|Any CPU
		{5F660D7C-552E-4EDD-AA72-09424F4529F1}.Release|Any CPU.Build.0 = Release|Any CPU
		{1B76095A-FE47-4432-8881-16C959C4C905}.Debug|Any CPU.ActiveCfg = Debug|Any CPU
		{1B76095A-FE47-4432-8881-16C959C4C905}.Debug|Any CPU.Build.0 = Debug|Any CPU
		{1B76095A-FE47-4432-8881-16C959C4C905}.Release|Any CPU.ActiveCfg = Release|Any CPU
		{1B76095A-FE47-4432-8881-16C959C4C905}.Release|Any CPU.Build.0 = Release|Any CPU
		{CB7D84EA-096B-4AE1-84C4-31177CC47C68}.Debug|Any CPU.ActiveCfg = Debug|Any CPU
		{CB7D84EA-096B-4AE1-84C4-31177CC47C68}.Debug|Any CPU.Build.0 = Debug|Any CPU
		{CB7D84EA-096B-4AE1-84C4-31177CC47C68}.Release|Any CPU.ActiveCfg = Release|Any CPU
		{CB7D84EA-096B-4AE1-84C4-31177CC47C68}.Release|Any CPU.Build.0 = Release|Any CPU
		{1BF88FBF-870B-4DC1-A458-4E2939D5C423}.Debug|Any CPU.ActiveCfg = Debug|Any CPU
		{1BF88FBF-870B-4DC1-A458-4E2939D5C423}.Debug|Any CPU.Build.0 = Debug|Any CPU
		{1BF88FBF-870B-4DC1-A458-4E2939D5C423}.Release|Any CPU.ActiveCfg = Release|Any CPU
		{1BF88FBF-870B-4DC1-A458-4E2939D5C423}.Release|Any CPU.Build.0 = Release|Any CPU
		{4064A3F3-5A5A-467A-A0E1-A67CD303CD20}.Debug|Any CPU.ActiveCfg = Debug|Any CPU
		{4064A3F3-5A5A-467A-A0E1-A67CD303CD20}.Debug|Any CPU.Build.0 = Debug|Any CPU
		{4064A3F3-5A5A-467A-A0E1-A67CD303CD20}.Release|Any CPU.ActiveCfg = Release|Any CPU
		{4064A3F3-5A5A-467A-A0E1-A67CD303CD20}.Release|Any CPU.Build.0 = Release|Any CPU
		{698A41A2-215E-4DB1-9627-6F4D870B18CE}.Debug|Any CPU.ActiveCfg = Debug|Any CPU
		{698A41A2-215E-4DB1-9627-6F4D870B18CE}.Debug|Any CPU.Build.0 = Debug|Any CPU
		{698A41A2-215E-4DB1-9627-6F4D870B18CE}.Release|Any CPU.ActiveCfg = Release|Any CPU
		{698A41A2-215E-4DB1-9627-6F4D870B18CE}.Release|Any CPU.Build.0 = Release|Any CPU
		{F74E688B-4F23-478E-8389-D8081E2FC242}.Debug|Any CPU.ActiveCfg = Debug|Any CPU
		{F74E688B-4F23-478E-8389-D8081E2FC242}.Debug|Any CPU.Build.0 = Debug|Any CPU
		{F74E688B-4F23-478E-8389-D8081E2FC242}.Release|Any CPU.ActiveCfg = Release|Any CPU
		{F74E688B-4F23-478E-8389-D8081E2FC242}.Release|Any CPU.Build.0 = Release|Any CPU
		{E919C0CC-7483-41DA-ABAF-61A1E00EC4B0}.Debug|Any CPU.ActiveCfg = Debug|Any CPU
		{E919C0CC-7483-41DA-ABAF-61A1E00EC4B0}.Debug|Any CPU.Build.0 = Debug|Any CPU
		{E919C0CC-7483-41DA-ABAF-61A1E00EC4B0}.Release|Any CPU.ActiveCfg = Release|Any CPU
		{E919C0CC-7483-41DA-ABAF-61A1E00EC4B0}.Release|Any CPU.Build.0 = Release|Any CPU
		{4E26D650-A0B9-41AC-B7DE-6B79B3754F3B}.Debug|Any CPU.ActiveCfg = Debug|Any CPU
		{4E26D650-A0B9-41AC-B7DE-6B79B3754F3B}.Debug|Any CPU.Build.0 = Debug|Any CPU
		{4E26D650-A0B9-41AC-B7DE-6B79B3754F3B}.Release|Any CPU.ActiveCfg = Release|Any CPU
		{4E26D650-A0B9-41AC-B7DE-6B79B3754F3B}.Release|Any CPU.Build.0 = Release|Any CPU
	EndGlobalSection
	GlobalSection(SolutionProperties) = preSolution
		HideSolutionNode = FALSE
	EndGlobalSection
	GlobalSection(NestedProjects) = preSolution
		{E90D4A12-E710-4C67-8126-8BF5F146B168} = {215AA2C1-9DA3-4E75-A844-6C5DF589D627}
		{63B4A88B-CE05-47BA-81BE-61CD22689E38} = {D84752C0-4E04-49B9-BD35-51928997BAEF}
		{CED719A5-3953-4FE8-A06D-828B3BD9C3F2} = {D84752C0-4E04-49B9-BD35-51928997BAEF}
		{909A12F9-33BB-4FB4-BCA6-1F038ADC67A5} = {D84752C0-4E04-49B9-BD35-51928997BAEF}
		{3AE6BDE9-990A-43BD-A510-2940316C2B49} = {95F51E03-93AD-4DD4-844C-A0BBAD1A9063}
		{D8B8688D-9F42-4121-8DCE-3F727421D95A} = {95F51E03-93AD-4DD4-844C-A0BBAD1A9063}
		{C2565662-7EBD-4C44-B09D-5CEDFF4E5020} = {95F51E03-93AD-4DD4-844C-A0BBAD1A9063}
		{43DB5C3E-FCE5-4C57-8073-6203849C0FBF} = {64335939-90E0-4E06-9EAF-78491828DA08}
		{78EFFD17-287A-4406-9D02-013E47B36988} = {64335939-90E0-4E06-9EAF-78491828DA08}
		{C9342DB7-4E1C-42A3-BC57-D5F9DAB3890C} = {43648829-82C8-40F7-8C30-8AD87F18F352}
		{51D846F9-02D5-4BB4-AFEE-35B5A063D009} = {4B590160-C29F-4A3E-9440-F8A350BBA6C8}
		{8CDE42C4-8151-47C0-9CCE-5DFBBC533F6B} = {4B590160-C29F-4A3E-9440-F8A350BBA6C8}
		{0926621B-4419-436E-A996-96CAA4D401D9} = {4B590160-C29F-4A3E-9440-F8A350BBA6C8}
		{D0C63E69-8857-4FAD-B3A5-B6CB1436E02A} = {B58CA393-737B-40C7-A832-9E7EC4DB72DE}
		{BFF0DE2D-56D7-4265-9D06-FE6692E446E6} = {B58CA393-737B-40C7-A832-9E7EC4DB72DE}
		{DAD00D32-5450-413C-820D-6FE7D9F9EF3B} = {B58CA393-737B-40C7-A832-9E7EC4DB72DE}
		{248E8930-F12F-4390-96A1-112394A16F37} = {418C704F-6489-4069-81A3-BEBF9B911CFC}
		{B46A936F-D428-4A46-BA91-434891ED7156} = {418C704F-6489-4069-81A3-BEBF9B911CFC}
		{FAFF009E-5975-4277-AC0C-01B7B3E1CE30} = {418C704F-6489-4069-81A3-BEBF9B911CFC}
		{5F660D7C-552E-4EDD-AA72-09424F4529F1} = {CA9E5A6C-4121-4679-9F76-E363E868452D}
		{1B76095A-FE47-4432-8881-16C959C4C905} = {CA9E5A6C-4121-4679-9F76-E363E868452D}
		{CB7D84EA-096B-4AE1-84C4-31177CC47C68} = {CA9E5A6C-4121-4679-9F76-E363E868452D}
		{1BF88FBF-870B-4DC1-A458-4E2939D5C423} = {CA9E5A6C-4121-4679-9F76-E363E868452D}
		{4064A3F3-5A5A-467A-A0E1-A67CD303CD20} = {DA562929-A69B-44E1-B2A6-5B3F4E502BAE}
		{698A41A2-215E-4DB1-9627-6F4D870B18CE} = {DA562929-A69B-44E1-B2A6-5B3F4E502BAE}
		{F74E688B-4F23-478E-8389-D8081E2FC242} = {0ABA8D3B-6B42-450D-8610-E844FB3E9A5C}
		{E919C0CC-7483-41DA-ABAF-61A1E00EC4B0} = {CAED7092-D2A2-43E4-90DC-FC6754D953E0}
		{4E26D650-A0B9-41AC-B7DE-6B79B3754F3B} = {4C33F49A-3BCB-4E43-B1CF-43838C95C342}
	EndGlobalSection
	GlobalSection(ExtensibilityGlobals) = postSolution
		SolutionGuid = {C7DACCB8-DE20-439C-8E1C-22F33AB2AB1C}
	EndGlobalSection
EndGlobal
